
Microsoft Visual Studio Solution File, Format Version 12.00
# Visual Studio 14
VisualStudioVersion = 14.0.24720.0
MinimumVisualStudioVersion = 10.0.40219.1
Project("{FAE04EC0-301F-11D3-BF4B-00C04F79EFBC}") = "IfElseAndSwitch", "IfElseAndSwitch\IfElseAndSwitch.csproj", "{1A877040-263C-4681-AC32-52FDE4CD7F5D}"
EndProject
Project("{FAE04EC0-301F-11D3-BF4B-00C04F79EFBC}") = "OperatorTest", "OperatorTest\OperatorTest.csproj", "{F99BADB1-F8C0-490A-BA41-4526EBD1DFE8}"
EndProject
Project("{FAE04EC0-301F-11D3-BF4B-00C04F79EFBC}") = "YieldTest", "YieldTest\YieldTest.csproj", "{3088C3BF-4CB9-46DE-B23F-DA6089CF2D7B}"
EndProject
Project("{FAE04EC0-301F-11D3-BF4B-00C04F79EFBC}") = "EmguCVTest", "EmguCVTest\EmguCVTest.csproj", "{EC051566-A653-421F-8AFE-A4832B7D0C4E}"
EndProject
Project("{FAE04EC0-301F-11D3-BF4B-00C04F79EFBC}") = "InputLanguage", "InputLanguage\InputLanguage.csproj", "{8C7343B6-FB9E-4DCE-A0D6-AFC806BE0238}"
EndProject
Project("{FAE04EC0-301F-11D3-BF4B-00C04F79EFBC}") = "IAsyncTest(APM)", "IAsyncTest\IAsyncTest(APM).csproj", "{9407B81C-2698-47AD-B17F-E6BF21405EC4}"
EndProject
Project("{FAE04EC0-301F-11D3-BF4B-00C04F79EFBC}") = "AsyncCallbackTest", "AsyncCallbackTest\AsyncCallbackTest.csproj", "{1D355295-45D3-4E85-9408-398BD6830DC8}"
EndProject
Project("{FAE04EC0-301F-11D3-BF4B-00C04F79EFBC}") = "AsyncExample(EAP)", "AsyncExample\AsyncExample(EAP).csproj", "{FD1E8E0A-D9E7-455C-BC5C-FF18331F8962}"
EndProject
Project("{FAE04EC0-301F-11D3-BF4B-00C04F79EFBC}") = "pictureBoxLoadAsync", "pictureBoxLoadAsync\pictureBoxLoadAsync.csproj", "{EDDC3B29-CFDD-4C60-AF86-6D1F97D5FFCF}"
EndProject
Project("{FAE04EC0-301F-11D3-BF4B-00C04F79EFBC}") = "BackgroundWorkerExample", "BackgroundWorkerExample\BackgroundWorkerExample.csproj", "{3EE1FF70-176C-4DC9-ACA1-8001E52E3C34}"
EndProject
Project("{FAE04EC0-301F-11D3-BF4B-00C04F79EFBC}") = "ThreadPoolExamples", "ThreadPoolExamples\ThreadPoolExamples.csproj", "{DBE309A7-6794-481D-AB39-39662DC00571}"
EndProject
Project("{2150E333-8FDC-42A3-9474-1A3956D46DE8}") = "Reflection", "Reflection", "{4AE0CB31-FE32-42D6-A6B5-14C95CEF272F}"
EndProject
Project("{FAE04EC0-301F-11D3-BF4B-00C04F79EFBC}") = "MyReflection", "MyReflection\MyReflection.csproj", "{CAC855FD-E6D4-4F0D-A55A-335BB68C1AA4}"
EndProject
Project("{FAE04EC0-301F-11D3-BF4B-00C04F79EFBC}") = "DBInterface", "DBInterface\DBInterface.csproj", "{4D4BD7E1-4646-4C7E-9F5F-572208B4EAD9}"
EndProject
Project("{FAE04EC0-301F-11D3-BF4B-00C04F79EFBC}") = "MysqlDb", "MysqlDb\MysqlDb.csproj", "{9725BBC9-7B08-4493-9B14-9287FDF571DF}"
EndProject
Project("{FAE04EC0-301F-11D3-BF4B-00C04F79EFBC}") = "SqlServerDb", "SqlServerDb\SqlServerDb.csproj", "{77D0F068-0ADF-4755-8D11-6FF6DC5CE18A}"
EndProject
Project("{2150E333-8FDC-42A3-9474-1A3956D46DE8}") = "WPFThreadModel", "WPFThreadModel", "{00826B96-F7BD-405D-B7E7-0F66B1AAE768}"
EndProject
Project("{FAE04EC0-301F-11D3-BF4B-00C04F79EFBC}") = "GetPrimeUsingUIThread", "GetPrimeUsingUIThread\GetPrimeUsingUIThread.csproj", "{35F44D87-C32E-4F8D-A802-2C049C04F8C2}"
EndProject
Project("{FAE04EC0-301F-11D3-BF4B-00C04F79EFBC}") = "HandlingBlockingOperationWithBackgroundThread", "HandlingBlockingOperationWithBackgroundThread\HandlingBlockingOperationWithBackgroundThread.csproj", "{C487F5AF-6B40-4570-B6DD-DE42BE0EE958}"
EndProject
Project("{FAE04EC0-301F-11D3-BF4B-00C04F79EFBC}") = "MultipleWindowsMultipleThreads", "MultipleWindowsMultipleThreads\MultipleWindowsMultipleThreads.csproj", "{A24025C9-EAAE-4E30-ACBE-92F59F1F179F}"
EndProject
Project("{FAE04EC0-301F-11D3-BF4B-00C04F79EFBC}") = "StackOverflowTest", "StackOverflowTest\StackOverflowTest.csproj", "{1D0F1B83-8C87-46BF-A6B8-1716E09CCFD3}"
EndProject
Project("{FAE04EC0-301F-11D3-BF4B-00C04F79EFBC}") = "EventTest", "EventTest\EventTest.csproj", "{1562654B-CA64-410C-8BC0-43C3D18CF94C}"
EndProject
Project("{FAE04EC0-301F-11D3-BF4B-00C04F79EFBC}") = "ClosureTest", "ClosureTest\ClosureTest.csproj", "{16F5D1C4-5363-4D76-906B-67A9679F85EA}"
EndProject
Project("{FAE04EC0-301F-11D3-BF4B-00C04F79EFBC}") = "MemoryTest", "MemoryTest\MemoryTest.csproj", "{A163EFE6-9F0D-48C1-8247-94A7D41C7417}"
EndProject
Project("{FAE04EC0-301F-11D3-BF4B-00C04F79EFBC}") = "HelloWorld", "HelloWorld\HelloWorld.csproj", "{30625C5A-A001-40CB-8022-DAF3D287F030}"
EndProject
Project("{FAE04EC0-301F-11D3-BF4B-00C04F79EFBC}") = "ImageProcessorTest", "ImageProcessorTest\ImageProcessorTest.csproj", "{805EEDBB-44BB-48C5-8C41-344C11F2E28B}"
EndProject
Global
	GlobalSection(SolutionConfigurationPlatforms) = preSolution
		Debug|Any CPU = Debug|Any CPU
		Release|Any CPU = Release|Any CPU
	EndGlobalSection
	GlobalSection(ProjectConfigurationPlatforms) = postSolution
		{1A877040-263C-4681-AC32-52FDE4CD7F5D}.Debug|Any CPU.ActiveCfg = Debug|Any CPU
		{1A877040-263C-4681-AC32-52FDE4CD7F5D}.Debug|Any CPU.Build.0 = Debug|Any CPU
		{1A877040-263C-4681-AC32-52FDE4CD7F5D}.Release|Any CPU.ActiveCfg = Release|Any CPU
		{1A877040-263C-4681-AC32-52FDE4CD7F5D}.Release|Any CPU.Build.0 = Release|Any CPU
		{F99BADB1-F8C0-490A-BA41-4526EBD1DFE8}.Debug|Any CPU.ActiveCfg = Debug|Any CPU
		{F99BADB1-F8C0-490A-BA41-4526EBD1DFE8}.Debug|Any CPU.Build.0 = Debug|Any CPU
		{F99BADB1-F8C0-490A-BA41-4526EBD1DFE8}.Release|Any CPU.ActiveCfg = Release|Any CPU
		{F99BADB1-F8C0-490A-BA41-4526EBD1DFE8}.Release|Any CPU.Build.0 = Release|Any CPU
		{3088C3BF-4CB9-46DE-B23F-DA6089CF2D7B}.Debug|Any CPU.ActiveCfg = Debug|Any CPU
		{3088C3BF-4CB9-46DE-B23F-DA6089CF2D7B}.Debug|Any CPU.Build.0 = Debug|Any CPU
		{3088C3BF-4CB9-46DE-B23F-DA6089CF2D7B}.Release|Any CPU.ActiveCfg = Release|Any CPU
		{3088C3BF-4CB9-46DE-B23F-DA6089CF2D7B}.Release|Any CPU.Build.0 = Release|Any CPU
		{EC051566-A653-421F-8AFE-A4832B7D0C4E}.Debug|Any CPU.ActiveCfg = Debug|Any CPU
		{EC051566-A653-421F-8AFE-A4832B7D0C4E}.Debug|Any CPU.Build.0 = Debug|Any CPU
		{EC051566-A653-421F-8AFE-A4832B7D0C4E}.Release|Any CPU.ActiveCfg = Release|Any CPU
		{EC051566-A653-421F-8AFE-A4832B7D0C4E}.Release|Any CPU.Build.0 = Release|Any CPU
		{8C7343B6-FB9E-4DCE-A0D6-AFC806BE0238}.Debug|Any CPU.ActiveCfg = Debug|Any CPU
		{8C7343B6-FB9E-4DCE-A0D6-AFC806BE0238}.Debug|Any CPU.Build.0 = Debug|Any CPU
		{8C7343B6-FB9E-4DCE-A0D6-AFC806BE0238}.Release|Any CPU.ActiveCfg = Release|Any CPU
		{8C7343B6-FB9E-4DCE-A0D6-AFC806BE0238}.Release|Any CPU.Build.0 = Release|Any CPU
		{9407B81C-2698-47AD-B17F-E6BF21405EC4}.Debug|Any CPU.ActiveCfg = Debug|Any CPU
		{9407B81C-2698-47AD-B17F-E6BF21405EC4}.Debug|Any CPU.Build.0 = Debug|Any CPU
		{9407B81C-2698-47AD-B17F-E6BF21405EC4}.Release|Any CPU.ActiveCfg = Release|Any CPU
		{9407B81C-2698-47AD-B17F-E6BF21405EC4}.Release|Any CPU.Build.0 = Release|Any CPU
		{1D355295-45D3-4E85-9408-398BD6830DC8}.Debug|Any CPU.ActiveCfg = Debug|Any CPU
		{1D355295-45D3-4E85-9408-398BD6830DC8}.Debug|Any CPU.Build.0 = Debug|Any CPU
		{1D355295-45D3-4E85-9408-398BD6830DC8}.Release|Any CPU.ActiveCfg = Release|Any CPU
		{1D355295-45D3-4E85-9408-398BD6830DC8}.Release|Any CPU.Build.0 = Release|Any CPU
		{FD1E8E0A-D9E7-455C-BC5C-FF18331F8962}.Debug|Any CPU.ActiveCfg = Debug|Any CPU
		{FD1E8E0A-D9E7-455C-BC5C-FF18331F8962}.Debug|Any CPU.Build.0 = Debug|Any CPU
		{FD1E8E0A-D9E7-455C-BC5C-FF18331F8962}.Release|Any CPU.ActiveCfg = Release|Any CPU
		{FD1E8E0A-D9E7-455C-BC5C-FF18331F8962}.Release|Any CPU.Build.0 = Release|Any CPU
		{EDDC3B29-CFDD-4C60-AF86-6D1F97D5FFCF}.Debug|Any CPU.ActiveCfg = Debug|Any CPU
		{EDDC3B29-CFDD-4C60-AF86-6D1F97D5FFCF}.Debug|Any CPU.Build.0 = Debug|Any CPU
		{EDDC3B29-CFDD-4C60-AF86-6D1F97D5FFCF}.Release|Any CPU.ActiveCfg = Release|Any CPU
		{EDDC3B29-CFDD-4C60-AF86-6D1F97D5FFCF}.Release|Any CPU.Build.0 = Release|Any CPU
		{3EE1FF70-176C-4DC9-ACA1-8001E52E3C34}.Debug|Any CPU.ActiveCfg = Debug|Any CPU
		{3EE1FF70-176C-4DC9-ACA1-8001E52E3C34}.Debug|Any CPU.Build.0 = Debug|Any CPU
		{3EE1FF70-176C-4DC9-ACA1-8001E52E3C34}.Release|Any CPU.ActiveCfg = Release|Any CPU
		{3EE1FF70-176C-4DC9-ACA1-8001E52E3C34}.Release|Any CPU.Build.0 = Release|Any CPU
		{DBE309A7-6794-481D-AB39-39662DC00571}.Debug|Any CPU.ActiveCfg = Debug|Any CPU
		{DBE309A7-6794-481D-AB39-39662DC00571}.Debug|Any CPU.Build.0 = Debug|Any CPU
		{DBE309A7-6794-481D-AB39-39662DC00571}.Release|Any CPU.ActiveCfg = Release|Any CPU
		{DBE309A7-6794-481D-AB39-39662DC00571}.Release|Any CPU.Build.0 = Release|Any CPU
		{CAC855FD-E6D4-4F0D-A55A-335BB68C1AA4}.Debug|Any CPU.ActiveCfg = Debug|Any CPU
		{CAC855FD-E6D4-4F0D-A55A-335BB68C1AA4}.Debug|Any CPU.Build.0 = Debug|Any CPU
		{CAC855FD-E6D4-4F0D-A55A-335BB68C1AA4}.Release|Any CPU.ActiveCfg = Release|Any CPU
		{CAC855FD-E6D4-4F0D-A55A-335BB68C1AA4}.Release|Any CPU.Build.0 = Release|Any CPU
		{4D4BD7E1-4646-4C7E-9F5F-572208B4EAD9}.Debug|Any CPU.ActiveCfg = Debug|Any CPU
		{4D4BD7E1-4646-4C7E-9F5F-572208B4EAD9}.Debug|Any CPU.Build.0 = Debug|Any CPU
		{4D4BD7E1-4646-4C7E-9F5F-572208B4EAD9}.Release|Any CPU.ActiveCfg = Release|Any CPU
		{4D4BD7E1-4646-4C7E-9F5F-572208B4EAD9}.Release|Any CPU.Build.0 = Release|Any CPU
		{9725BBC9-7B08-4493-9B14-9287FDF571DF}.Debug|Any CPU.ActiveCfg = Debug|Any CPU
		{9725BBC9-7B08-4493-9B14-9287FDF571DF}.Debug|Any CPU.Build.0 = Debug|Any CPU
		{9725BBC9-7B08-4493-9B14-9287FDF571DF}.Release|Any CPU.ActiveCfg = Release|Any CPU
		{9725BBC9-7B08-4493-9B14-9287FDF571DF}.Release|Any CPU.Build.0 = Release|Any CPU
		{77D0F068-0ADF-4755-8D11-6FF6DC5CE18A}.Debug|Any CPU.ActiveCfg = Debug|Any CPU
		{77D0F068-0ADF-4755-8D11-6FF6DC5CE18A}.Debug|Any CPU.Build.0 = Debug|Any CPU
		{77D0F068-0ADF-4755-8D11-6FF6DC5CE18A}.Release|Any CPU.ActiveCfg = Release|Any CPU
		{77D0F068-0ADF-4755-8D11-6FF6DC5CE18A}.Release|Any CPU.Build.0 = Release|Any CPU
		{35F44D87-C32E-4F8D-A802-2C049C04F8C2}.Debug|Any CPU.ActiveCfg = Debug|Any CPU
		{35F44D87-C32E-4F8D-A802-2C049C04F8C2}.Debug|Any CPU.Build.0 = Debug|Any CPU
		{35F44D87-C32E-4F8D-A802-2C049C04F8C2}.Release|Any CPU.ActiveCfg = Release|Any CPU
		{35F44D87-C32E-4F8D-A802-2C049C04F8C2}.Release|Any CPU.Build.0 = Release|Any CPU
		{C487F5AF-6B40-4570-B6DD-DE42BE0EE958}.Debug|Any CPU.ActiveCfg = Debug|Any CPU
		{C487F5AF-6B40-4570-B6DD-DE42BE0EE958}.Debug|Any CPU.Build.0 = Debug|Any CPU
		{C487F5AF-6B40-4570-B6DD-DE42BE0EE958}.Release|Any CPU.ActiveCfg = Release|Any CPU
		{C487F5AF-6B40-4570-B6DD-DE42BE0EE958}.Release|Any CPU.Build.0 = Release|Any CPU
		{A24025C9-EAAE-4E30-ACBE-92F59F1F179F}.Debug|Any CPU.ActiveCfg = Debug|Any CPU
		{A24025C9-EAAE-4E30-ACBE-92F59F1F179F}.Debug|Any CPU.Build.0 = Debug|Any CPU
		{A24025C9-EAAE-4E30-ACBE-92F59F1F179F}.Release|Any CPU.ActiveCfg = Release|Any CPU
		{A24025C9-EAAE-4E30-ACBE-92F59F1F179F}.Release|Any CPU.Build.0 = Release|Any CPU
		{1D0F1B83-8C87-46BF-A6B8-1716E09CCFD3}.Debug|Any CPU.ActiveCfg = Debug|Any CPU
		{1D0F1B83-8C87-46BF-A6B8-1716E09CCFD3}.Debug|Any CPU.Build.0 = Debug|Any CPU
		{1D0F1B83-8C87-46BF-A6B8-1716E09CCFD3}.Release|Any CPU.ActiveCfg = Release|Any CPU
		{1D0F1B83-8C87-46BF-A6B8-1716E09CCFD3}.Release|Any CPU.Build.0 = Release|Any CPU
		{1562654B-CA64-410C-8BC0-43C3D18CF94C}.Debug|Any CPU.ActiveCfg = Debug|Any CPU
		{1562654B-CA64-410C-8BC0-43C3D18CF94C}.Debug|Any CPU.Build.0 = Debug|Any CPU
		{1562654B-CA64-410C-8BC0-43C3D18CF94C}.Release|Any CPU.ActiveCfg = Release|Any CPU
		{1562654B-CA64-410C-8BC0-43C3D18CF94C}.Release|Any CPU.Build.0 = Release|Any CPU
		{16F5D1C4-5363-4D76-906B-67A9679F85EA}.Debug|Any CPU.ActiveCfg = Debug|Any CPU
		{16F5D1C4-5363-4D76-906B-67A9679F85EA}.Debug|Any CPU.Build.0 = Debug|Any CPU
		{16F5D1C4-5363-4D76-906B-67A9679F85EA}.Release|Any CPU.ActiveCfg = Release|Any CPU
		{16F5D1C4-5363-4D76-906B-67A9679F85EA}.Release|Any CPU.Build.0 = Release|Any CPU
		{A163EFE6-9F0D-48C1-8247-94A7D41C7417}.Debug|Any CPU.ActiveCfg = Debug|Any CPU
		{A163EFE6-9F0D-48C1-8247-94A7D41C7417}.Debug|Any CPU.Build.0 = Debug|Any CPU
		{A163EFE6-9F0D-48C1-8247-94A7D41C7417}.Release|Any CPU.ActiveCfg = Release|Any CPU
		{A163EFE6-9F0D-48C1-8247-94A7D41C7417}.Release|Any CPU.Build.0 = Release|Any CPU
		{30625C5A-A001-40CB-8022-DAF3D287F030}.Debug|Any CPU.ActiveCfg = Debug|Any CPU
		{30625C5A-A001-40CB-8022-DAF3D287F030}.Debug|Any CPU.Build.0 = Debug|Any CPU
		{30625C5A-A001-40CB-8022-DAF3D287F030}.Release|Any CPU.ActiveCfg = Release|Any CPU
		{30625C5A-A001-40CB-8022-DAF3D287F030}.Release|Any CPU.Build.0 = Release|Any CPU
		{805EEDBB-44BB-48C5-8C41-344C11F2E28B}.Debug|Any CPU.ActiveCfg = Debug|Any CPU
		{805EEDBB-44BB-48C5-8C41-344C11F2E28B}.Debug|Any CPU.Build.0 = Debug|Any CPU
		{805EEDBB-44BB-48C5-8C41-344C11F2E28B}.Release|Any CPU.ActiveCfg = Release|Any CPU
		{805EEDBB-44BB-48C5-8C41-344C11F2E28B}.Release|Any CPU.Build.0 = Release|Any CPU
	EndGlobalSection
	GlobalSection(SolutionProperties) = preSolution
		HideSolutionNode = FALSE
	EndGlobalSection
	GlobalSection(NestedProjects) = preSolution
		{CAC855FD-E6D4-4F0D-A55A-335BB68C1AA4} = {4AE0CB31-FE32-42D6-A6B5-14C95CEF272F}
		{4D4BD7E1-4646-4C7E-9F5F-572208B4EAD9} = {4AE0CB31-FE32-42D6-A6B5-14C95CEF272F}
		{9725BBC9-7B08-4493-9B14-9287FDF571DF} = {4AE0CB31-FE32-42D6-A6B5-14C95CEF272F}
		{77D0F068-0ADF-4755-8D11-6FF6DC5CE18A} = {4AE0CB31-FE32-42D6-A6B5-14C95CEF272F}
		{35F44D87-C32E-4F8D-A802-2C049C04F8C2} = {00826B96-F7BD-405D-B7E7-0F66B1AAE768}
		{C487F5AF-6B40-4570-B6DD-DE42BE0EE958} = {00826B96-F7BD-405D-B7E7-0F66B1AAE768}
		{A24025C9-EAAE-4E30-ACBE-92F59F1F179F} = {00826B96-F7BD-405D-B7E7-0F66B1AAE768}
	EndGlobalSection
EndGlobal
